
Microsoft Visual Studio Solution File, Format Version 12.00
# Visual Studio Version 17
VisualStudioVersion = 17.4.33103.184
MinimumVisualStudioVersion = 10.0.40219.1
Project("{FAE04EC0-301F-11D3-BF4B-00C04F79EFBC}") = "ShipApplication", "ShipApplication.csproj", "{40727A69-7C02-41B8-A2E1-56798EDAB0FD}"
EndProject
Global
	GlobalSection(SolutionConfigurationPlatforms) = preSolution
		Debug|Any CPU = Debug|Any CPU
		Release|Any CPU = Release|Any CPU
	EndGlobalSection
	GlobalSection(ProjectConfigurationPlatforms) = postSolution
		{40727A69-7C02-41B8-A2E1-56798EDAB0FD}.Debug|Any CPU.ActiveCfg = Debug|Any CPU
		{40727A69-7C02-41B8-A2E1-56798EDAB0FD}.Debug|Any CPU.Build.0 = Debug|Any CPU
		{40727A69-7C02-41B8-A2E1-56798EDAB0FD}.Release|Any CPU.ActiveCfg = Release|Any CPU
		{40727A69-7C02-41B8-A2E1-56798EDAB0FD}.Release|Any CPU.Build.0 = Release|Any CPU
	EndGlobalSection
	GlobalSection(SolutionProperties) = preSolution
		HideSolutionNode = FALSE
	EndGlobalSection
	GlobalSection(ExtensibilityGlobals) = postSolution
		SolutionGuid = {0682C8D2-1D97-4583-85EF-3BCBBE5BF88D}
	EndGlobalSection
EndGlobal
